
Microsoft Visual Studio Solution File, Format Version 12.00
# Visual Studio Version 16
VisualStudioVersion = 16.0.29509.3
MinimumVisualStudioVersion = 10.0.40219.1
Project("{FAE04EC0-301F-11D3-BF4B-00C04F79EFBC}") = "NickUnitTestDemo_2", "NickUnitTestDemo_2\NickUnitTestDemo_2.csproj", "{7575F342-14CF-4B60-990E-30C05A8B45CE}"
EndProject
Project("{FAE04EC0-301F-11D3-BF4B-00C04F79EFBC}") = "NickUnitTestDemo.UnitTest", "NickUnitTestDemo.UnitTest\NickUnitTestDemo.UnitTest.csproj", "{CF6BE085-FF94-4498-A370-B1378D335BE5}"
EndProject
Global
	GlobalSection(SolutionConfigurationPlatforms) = preSolution
		Debug|Any CPU = Debug|Any CPU
		Release|Any CPU = Release|Any CPU
	EndGlobalSection
	GlobalSection(ProjectConfigurationPlatforms) = postSolution
		{7575F342-14CF-4B60-990E-30C05A8B45CE}.Debug|Any CPU.ActiveCfg = Debug|Any CPU
		{7575F342-14CF-4B60-990E-30C05A8B45CE}.Debug|Any CPU.Build.0 = Debug|Any CPU
		{7575F342-14CF-4B60-990E-30C05A8B45CE}.Release|Any CPU.ActiveCfg = Release|Any CPU
		{7575F342-14CF-4B60-990E-30C05A8B45CE}.Release|Any CPU.Build.0 = Release|Any CPU
		{CF6BE085-FF94-4498-A370-B1378D335BE5}.Debug|Any CPU.ActiveCfg = Debug|Any CPU
		{CF6BE085-FF94-4498-A370-B1378D335BE5}.Debug|Any CPU.Build.0 = Debug|Any CPU
		{CF6BE085-FF94-4498-A370-B1378D335BE5}.Release|Any CPU.ActiveCfg = Release|Any CPU
		{CF6BE085-FF94-4498-A370-B1378D335BE5}.Release|Any CPU.Build.0 = Release|Any CPU
	EndGlobalSection
	GlobalSection(SolutionProperties) = preSolution
		HideSolutionNode = FALSE
	EndGlobalSection
	GlobalSection(ExtensibilityGlobals) = postSolution
		SolutionGuid = {6215B3FB-56A6-46AA-980E-79F82C0A916D}
	EndGlobalSection
EndGlobal
